{
  "requires": true,
  "lockfileVersion": 1,
  "dependencies": {
    "@editorjs/header": {
      "version": "2.4.1",
      "resolved": "https://registry.npmjs.org/@editorjs/header/-/header-2.4.1.tgz",
      "integrity": "sha512-mHEr9M2xgbUHffXs9yvjoJXOTDFTJt9RhtxDrGdwENo7OO5KF5jLSMijodYsirtLs85kr3oCwVqiGz6tR2wCuA==",
      "dev": true
    }
  }
}
